// !$*UTF8*$!
{
	archiveVersion = 1;
	classes = {
	};
	objectVersion = 46;
	objects = {

/* Begin PBXBuildFile section */
		4D0D42901D6878E200379A5F /* AppDelegate.m in Sources */ = {isa = PBXBuildFile; fileRef = 4D0D428F1D6878E200379A5F /* AppDelegate.m */; };
		4D0D42931D6878E200379A5F /* main.m in Sources */ = {isa = PBXBuildFile; fileRef = 4D0D42921D6878E200379A5F /* main.m */; };
		4D0D42981D6878E200379A5F /* Assets.xcassets in Resources */ = {isa = PBXBuildFile; fileRef = 4D0D42971D6878E200379A5F /* Assets.xcassets */; };
		4D0D429B1D6878E200379A5F /* Main.storyboard in Resources */ = {isa = PBXBuildFile; fileRef = 4D0D42991D6878E200379A5F /* Main.storyboard */; };
		4D41F8E41D68A1810014E865 /* PresentationGLView.m in Sources */ = {isa = PBXBuildFile; fileRef = 4D41F8E31D68A1810014E865 /* PresentationGLView.m */; };
		4D41F8E71D68A19A0014E865 /* PresentationViewController.m in Sources */ = {isa = PBXBuildFile; fileRef = 4D41F8E61D68A19A0014E865 /* PresentationViewController.m */; };
		4D41F8EA1D68A1B50014E865 /* GLViewController.m in Sources */ = {isa = PBXBuildFile; fileRef = 4D41F8E91D68A1B50014E865 /* GLViewController.m */; };
		4D41F8ED1D68A2000014E865 /* PresentationSplitViewController.m in Sources */ = {isa = PBXBuildFile; fileRef = 4D41F8EC1D68A2000014E865 /* PresentationSplitViewController.m */; };
		4D41F8EF1D68A4E70014E865 /* OpenGL.framework in Frameworks */ = {isa = PBXBuildFile; fileRef = 4D41F8EE1D68A4E70014E865 /* OpenGL.framework */; };
		4D41F8F51D68D6BB0014E865 /* GLNode.m in Sources */ = {isa = PBXBuildFile; fileRef = 4D41F8F41D68D6BB0014E865 /* GLNode.m */; };
		4D4597B91D6A5D100018ED50 /* AssimpMesh.mm in Sources */ = {isa = PBXBuildFile; fileRef = 4D4597B81D6A5D100018ED50 /* AssimpMesh.mm */; };
		4D4597BB1D6A5EC60018ED50 /* libassimpd.3.1.1.dylib in Frameworks */ = {isa = PBXBuildFile; fileRef = 4D4597BA1D6A5EC60018ED50 /* libassimpd.3.1.1.dylib */; };
		4D4597C21D6A5F9B0018ED50 /* bt0023_00_body.png in Resources */ = {isa = PBXBuildFile; fileRef = 4D4597BF1D6A5F9B0018ED50 /* bt0023_00_body.png */; };
		4D4597C31D6A5F9B0018ED50 /* bt0023_00_hair.png in Resources */ = {isa = PBXBuildFile; fileRef = 4D4597C01D6A5F9B0018ED50 /* bt0023_00_hair.png */; };
		4D4597C41D6A5F9B0018ED50 /* bt0023_00_head.png in Resources */ = {isa = PBXBuildFile; fileRef = 4D4597C11D6A5F9B0018ED50 /* bt0023_00_head.png */; };
		4D4597C61D6A63480018ED50 /* TeamFlareAdmin.DAE in Resources */ = {isa = PBXBuildFile; fileRef = 4D4597BC1D6A5F710018ED50 /* TeamFlareAdmin.DAE */; settings = {ATTRIBUTES = ("--compress", ); }; };
		4D88E5451D68FAEE00D67AEF /* GLBaseEffect.m in Sources */ = {isa = PBXBuildFile; fileRef = 4D88E5441D68FAEE00D67AEF /* GLBaseEffect.m */; };
		4D88E5481D68FBED00D67AEF /* GLSimpleFragment.glsl in Resources */ = {isa = PBXBuildFile; fileRef = 4D88E5461D68FBED00D67AEF /* GLSimpleFragment.glsl */; };
		4D88E5491D68FBED00D67AEF /* GLSimpleVertex.glsl in Resources */ = {isa = PBXBuildFile; fileRef = 4D88E5471D68FBED00D67AEF /* GLSimpleVertex.glsl */; };
		4D88E54F1D68FCE900D67AEF /* mushroom.m in Sources */ = {isa = PBXBuildFile; fileRef = 4D88E54D1D68FCE900D67AEF /* mushroom.m */; };
		4D88E5501D68FCE900D67AEF /* mushroom.png in Resources */ = {isa = PBXBuildFile; fileRef = 4D88E54E1D68FCE900D67AEF /* mushroom.png */; };
		4D88E5531D68FCF500D67AEF /* GLMushroom.m in Sources */ = {isa = PBXBuildFile; fileRef = 4D88E5521D68FCF500D67AEF /* GLMushroom.m */; };
		4D88E5561D68FE2900D67AEF /* GLScene.m in Sources */ = {isa = PBXBuildFile; fileRef = 4D88E5551D68FE2900D67AEF /* GLScene.m */; };
		4D88E5591D68FEE000D67AEF /* GLDirector.m in Sources */ = {isa = PBXBuildFile; fileRef = 4D88E5581D68FEE000D67AEF /* GLDirector.m */; };
		4DD4B9BB1D6E481A005EF2C6 /* white.png in Resources */ = {isa = PBXBuildFile; fileRef = 4DD4B9BA1D6E481A005EF2C6 /* white.png */; };
		4DD4B9BE1D6E4D66005EF2C6 /* basic_lighting.fs in Resources */ = {isa = PBXBuildFile; fileRef = 4DD4B9BC1D6E4D66005EF2C6 /* basic_lighting.fs */; };
		4DD4B9BF1D6E4D66005EF2C6 /* basic_lighting.vs in Resources */ = {isa = PBXBuildFile; fileRef = 4DD4B9BD1D6E4D66005EF2C6 /* basic_lighting.vs */; };
		4DD4B9C61D6E5089005EF2C6 /* GLAssimpEffect.m in Sources */ = {isa = PBXBuildFile; fileRef = 4DD4B9C51D6E5089005EF2C6 /* GLAssimpEffect.m */; };
		4DE0C1011D6A16A90002D0F7 /* skybox1.png in Resources */ = {isa = PBXBuildFile; fileRef = 4DE0C1001D6A16A90002D0F7 /* skybox1.png */; };
		4DE0C1041D6A20A30002D0F7 /* GLTerrainNode.m in Sources */ = {isa = PBXBuildFile; fileRef = 4DE0C1031D6A20A30002D0F7 /* GLTerrainNode.m */; };
		4DE0C1071D6A34DC0002D0F7 /* GLPlane.m in Sources */ = {isa = PBXBuildFile; fileRef = 4DE0C1061D6A34DC0002D0F7 /* GLPlane.m */; };
		4DE0C10F1D6A43080002D0F7 /* grasslight.png in Resources */ = {isa = PBXBuildFile; fileRef = 4DE0C10E1D6A43080002D0F7 /* grasslight.png */; };
		4DEF0BA91D69E57F0097221E /* GLTessEval.glsl in Resources */ = {isa = PBXBuildFile; fileRef = 4DEF0BA81D69E57F0097221E /* GLTessEval.glsl */; };
		4DEF0BAB1D69E58F0097221E /* GLTessControl.glsl in Resources */ = {isa = PBXBuildFile; fileRef = 4DEF0BAA1D69E58F0097221E /* GLTessControl.glsl */; };
/* End PBXBuildFile section */

/* Begin PBXFileReference section */
		4D0D428B1D6878E200379A5F /* OpenGLPresentation.app */ = {isa = PBXFileReference; explicitFileType = wrapper.application; includeInIndex = 0; path = OpenGLPresentation.app; sourceTree = BUILT_PRODUCTS_DIR; };
		4D0D428E1D6878E200379A5F /* AppDelegate.h */ = {isa = PBXFileReference; lastKnownFileType = sourcecode.c.h; path = AppDelegate.h; sourceTree = "<group>"; };
		4D0D428F1D6878E200379A5F /* AppDelegate.m */ = {isa = PBXFileReference; lastKnownFileType = sourcecode.c.objc; path = AppDelegate.m; sourceTree = "<group>"; };
		4D0D42921D6878E200379A5F /* main.m */ = {isa = PBXFileReference; lastKnownFileType = sourcecode.c.objc; path = main.m; sourceTree = "<group>"; };
		4D0D42971D6878E200379A5F /* Assets.xcassets */ = {isa = PBXFileReference; lastKnownFileType = folder.assetcatalog; path = Assets.xcassets; sourceTree = "<group>"; };
		4D0D429A1D6878E200379A5F /* Base */ = {isa = PBXFileReference; lastKnownFileType = file.storyboard; name = Base; path = Base.lproj/Main.storyboard; sourceTree = "<group>"; };
		4D0D429C1D6878E200379A5F /* Info.plist */ = {isa = PBXFileReference; lastKnownFileType = text.plist.xml; path = Info.plist; sourceTree = "<group>"; };
		4D212A141D6CFD8100DEE48F /* AssimpMeshEntry.hpp */ = {isa = PBXFileReference; lastKnownFileType = sourcecode.cpp.h; path = AssimpMeshEntry.hpp; sourceTree = "<group>"; };
		4D41F8E21D68A1810014E865 /* PresentationGLView.h */ = {isa = PBXFileReference; fileEncoding = 4; lastKnownFileType = sourcecode.c.h; path = PresentationGLView.h; sourceTree = "<group>"; };
		4D41F8E31D68A1810014E865 /* PresentationGLView.m */ = {isa = PBXFileReference; fileEncoding = 4; lastKnownFileType = sourcecode.c.objc; path = PresentationGLView.m; sourceTree = "<group>"; };
		4D41F8E51D68A19A0014E865 /* PresentationViewController.h */ = {isa = PBXFileReference; fileEncoding = 4; lastKnownFileType = sourcecode.c.h; path = PresentationViewController.h; sourceTree = "<group>"; };
		4D41F8E61D68A19A0014E865 /* PresentationViewController.m */ = {isa = PBXFileReference; fileEncoding = 4; lastKnownFileType = sourcecode.c.objc; path = PresentationViewController.m; sourceTree = "<group>"; };
		4D41F8E81D68A1B50014E865 /* GLViewController.h */ = {isa = PBXFileReference; fileEncoding = 4; lastKnownFileType = sourcecode.c.h; path = GLViewController.h; sourceTree = "<group>"; };
		4D41F8E91D68A1B50014E865 /* GLViewController.m */ = {isa = PBXFileReference; fileEncoding = 4; lastKnownFileType = sourcecode.c.objc; path = GLViewController.m; sourceTree = "<group>"; };
		4D41F8EB1D68A2000014E865 /* PresentationSplitViewController.h */ = {isa = PBXFileReference; fileEncoding = 4; lastKnownFileType = sourcecode.c.h; path = PresentationSplitViewController.h; sourceTree = "<group>"; };
		4D41F8EC1D68A2000014E865 /* PresentationSplitViewController.m */ = {isa = PBXFileReference; fileEncoding = 4; lastKnownFileType = sourcecode.c.objc; path = PresentationSplitViewController.m; sourceTree = "<group>"; };
		4D41F8EE1D68A4E70014E865 /* OpenGL.framework */ = {isa = PBXFileReference; lastKnownFileType = wrapper.framework; name = OpenGL.framework; path = System/Library/Frameworks/OpenGL.framework; sourceTree = SDKROOT; };
		4D41F8F31D68D6BB0014E865 /* GLNode.h */ = {isa = PBXFileReference; fileEncoding = 4; lastKnownFileType = sourcecode.c.h; path = GLNode.h; sourceTree = "<group>"; };
		4D41F8F41D68D6BB0014E865 /* GLNode.m */ = {isa = PBXFileReference; fileEncoding = 4; lastKnownFileType = sourcecode.c.objc; path = GLNode.m; sourceTree = "<group>"; };
		4D4597B71D6A5D100018ED50 /* AssimpMesh.hpp */ = {isa = PBXFileReference; fileEncoding = 4; lastKnownFileType = sourcecode.cpp.h; path = AssimpMesh.hpp; sourceTree = "<group>"; };
		4D4597B81D6A5D100018ED50 /* AssimpMesh.mm */ = {isa = PBXFileReference; fileEncoding = 4; lastKnownFileType = sourcecode.cpp.objcpp; path = AssimpMesh.mm; sourceTree = "<group>"; };
		4D4597BA1D6A5EC60018ED50 /* libassimpd.3.1.1.dylib */ = {isa = PBXFileReference; lastKnownFileType = "compiled.mach-o.dylib"; path = libassimpd.3.1.1.dylib; sourceTree = "<group>"; };
		4D4597BC1D6A5F710018ED50 /* TeamFlareAdmin.DAE */ = {isa = PBXFileReference; explicitFileType = compiled; fileEncoding = 4; path = TeamFlareAdmin.DAE; sourceTree = "<group>"; };
		4D4597BF1D6A5F9B0018ED50 /* bt0023_00_body.png */ = {isa = PBXFileReference; lastKnownFileType = image.png; path = bt0023_00_body.png; sourceTree = "<group>"; };
		4D4597C01D6A5F9B0018ED50 /* bt0023_00_hair.png */ = {isa = PBXFileReference; lastKnownFileType = image.png; path = bt0023_00_hair.png; sourceTree = "<group>"; };
		4D4597C11D6A5F9B0018ED50 /* bt0023_00_head.png */ = {isa = PBXFileReference; lastKnownFileType = image.png; path = bt0023_00_head.png; sourceTree = "<group>"; };
		4D88E5421D68F8DE00D67AEF /* GLVertex.h */ = {isa = PBXFileReference; lastKnownFileType = sourcecode.c.h; path = GLVertex.h; sourceTree = "<group>"; };
		4D88E5431D68FAEE00D67AEF /* GLBaseEffect.h */ = {isa = PBXFileReference; fileEncoding = 4; lastKnownFileType = sourcecode.c.h; path = GLBaseEffect.h; sourceTree = "<group>"; };
		4D88E5441D68FAEE00D67AEF /* GLBaseEffect.m */ = {isa = PBXFileReference; fileEncoding = 4; lastKnownFileType = sourcecode.c.objc; path = GLBaseEffect.m; sourceTree = "<group>"; };
		4D88E5461D68FBED00D67AEF /* GLSimpleFragment.glsl */ = {isa = PBXFileReference; fileEncoding = 4; lastKnownFileType = text; path = GLSimpleFragment.glsl; sourceTree = "<group>"; };
		4D88E5471D68FBED00D67AEF /* GLSimpleVertex.glsl */ = {isa = PBXFileReference; fileEncoding = 4; lastKnownFileType = text; path = GLSimpleVertex.glsl; sourceTree = "<group>"; };
		4D88E54C1D68FCE900D67AEF /* mushroom.h */ = {isa = PBXFileReference; fileEncoding = 4; lastKnownFileType = sourcecode.c.h; path = mushroom.h; sourceTree = "<group>"; };
		4D88E54D1D68FCE900D67AEF /* mushroom.m */ = {isa = PBXFileReference; fileEncoding = 4; lastKnownFileType = sourcecode.c.objc; path = mushroom.m; sourceTree = "<group>"; };
		4D88E54E1D68FCE900D67AEF /* mushroom.png */ = {isa = PBXFileReference; lastKnownFileType = image.png; name = mushroom.png; path = mushroom/mushroom.png; sourceTree = "<group>"; };
		4D88E5511D68FCF500D67AEF /* GLMushroom.h */ = {isa = PBXFileReference; fileEncoding = 4; lastKnownFileType = sourcecode.c.h; path = GLMushroom.h; sourceTree = "<group>"; };
		4D88E5521D68FCF500D67AEF /* GLMushroom.m */ = {isa = PBXFileReference; fileEncoding = 4; lastKnownFileType = sourcecode.c.objc; path = GLMushroom.m; sourceTree = "<group>"; };
		4D88E5541D68FE2900D67AEF /* GLScene.h */ = {isa = PBXFileReference; fileEncoding = 4; lastKnownFileType = sourcecode.c.h; path = GLScene.h; sourceTree = "<group>"; };
		4D88E5551D68FE2900D67AEF /* GLScene.m */ = {isa = PBXFileReference; fileEncoding = 4; lastKnownFileType = sourcecode.c.objc; path = GLScene.m; sourceTree = "<group>"; };
		4D88E5571D68FEE000D67AEF /* GLDirector.h */ = {isa = PBXFileReference; fileEncoding = 4; lastKnownFileType = sourcecode.c.h; path = GLDirector.h; sourceTree = "<group>"; };
		4D88E5581D68FEE000D67AEF /* GLDirector.m */ = {isa = PBXFileReference; fileEncoding = 4; lastKnownFileType = sourcecode.c.objc; path = GLDirector.m; sourceTree = "<group>"; };
		4DD4B9BA1D6E481A005EF2C6 /* white.png */ = {isa = PBXFileReference; lastKnownFileType = image.png; path = white.png; sourceTree = "<group>"; };
		4DD4B9BC1D6E4D66005EF2C6 /* basic_lighting.fs */ = {isa = PBXFileReference; fileEncoding = 4; lastKnownFileType = sourcecode.glsl; path = basic_lighting.fs; sourceTree = "<group>"; };
		4DD4B9BD1D6E4D66005EF2C6 /* basic_lighting.vs */ = {isa = PBXFileReference; fileEncoding = 4; lastKnownFileType = sourcecode.glsl; path = basic_lighting.vs; sourceTree = "<group>"; };
		4DD4B9C41D6E5089005EF2C6 /* GLAssimpEffect.h */ = {isa = PBXFileReference; fileEncoding = 4; lastKnownFileType = sourcecode.c.h; path = GLAssimpEffect.h; sourceTree = "<group>"; };
		4DD4B9C51D6E5089005EF2C6 /* GLAssimpEffect.m */ = {isa = PBXFileReference; fileEncoding = 4; lastKnownFileType = sourcecode.c.objc; path = GLAssimpEffect.m; sourceTree = "<group>"; };
		4DD4B9C71D6E5319005EF2C6 /* GLBaseEffect+Protected.h */ = {isa = PBXFileReference; lastKnownFileType = sourcecode.c.h; path = "GLBaseEffect+Protected.h"; sourceTree = "<group>"; };
		4DE0C1001D6A16A90002D0F7 /* skybox1.png */ = {isa = PBXFileReference; lastKnownFileType = image.png; path = skybox1.png; sourceTree = "<group>"; };
		4DE0C1021D6A20A30002D0F7 /* GLTerrainNode.h */ = {isa = PBXFileReference; fileEncoding = 4; lastKnownFileType = sourcecode.c.h; path = GLTerrainNode.h; sourceTree = "<group>"; };
		4DE0C1031D6A20A30002D0F7 /* GLTerrainNode.m */ = {isa = PBXFileReference; fileEncoding = 4; lastKnownFileType = sourcecode.c.objc; path = GLTerrainNode.m; sourceTree = "<group>"; };
		4DE0C1051D6A34DC0002D0F7 /* GLPlane.h */ = {isa = PBXFileReference; fileEncoding = 4; lastKnownFileType = sourcecode.c.h; path = GLPlane.h; sourceTree = "<group>"; };
		4DE0C1061D6A34DC0002D0F7 /* GLPlane.m */ = {isa = PBXFileReference; fileEncoding = 4; lastKnownFileType = sourcecode.c.objc; path = GLPlane.m; sourceTree = "<group>"; };
		4DE0C10E1D6A43080002D0F7 /* grasslight.png */ = {isa = PBXFileReference; lastKnownFileType = image.png; path = grasslight.png; sourceTree = "<group>"; };
		4DEF0BA81D69E57F0097221E /* GLTessEval.glsl */ = {isa = PBXFileReference; fileEncoding = 4; lastKnownFileType = text; path = GLTessEval.glsl; sourceTree = "<group>"; };
		4DEF0BAA1D69E58F0097221E /* GLTessControl.glsl */ = {isa = PBXFileReference; fileEncoding = 4; lastKnownFileType = text; path = GLTessControl.glsl; sourceTree = "<group>"; };
		4DEF0BAC1D69FF190097221E /* OpenGLHelper.h */ = {isa = PBXFileReference; lastKnownFileType = sourcecode.c.h; path = OpenGLHelper.h; sourceTree = "<group>"; };
/* End PBXFileReference section */

/* Begin PBXFrameworksBuildPhase section */
		4D0D42881D6878E200379A5F /* Frameworks */ = {
			isa = PBXFrameworksBuildPhase;
			buildActionMask = 2147483647;
			files = (
				4D41F8EF1D68A4E70014E865 /* OpenGL.framework in Frameworks */,
				4D4597BB1D6A5EC60018ED50 /* libassimpd.3.1.1.dylib in Frameworks */,
			);
			runOnlyForDeploymentPostprocessing = 0;
		};
/* End PBXFrameworksBuildPhase section */

/* Begin PBXGroup section */
		4D0D42821D6878E200379A5F = {
			isa = PBXGroup;
			children = (
				4D0D428D1D6878E200379A5F /* OpenGLPresentation */,
				4D0D428C1D6878E200379A5F /* Products */,
			);
			sourceTree = "<group>";
		};
		4D0D428C1D6878E200379A5F /* Products */ = {
			isa = PBXGroup;
			children = (
				4D0D428B1D6878E200379A5F /* OpenGLPresentation.app */,
			);
			name = Products;
			sourceTree = "<group>";
		};
		4D0D428D1D6878E200379A5F /* OpenGLPresentation */ = {
			isa = PBXGroup;
			children = (
				4D0D428E1D6878E200379A5F /* AppDelegate.h */,
				4D0D428F1D6878E200379A5F /* AppDelegate.m */,
				4DD4B9C21D6E4EFB005EF2C6 /* Nodes */,
				4DD4B9C11D6E4EE7005EF2C6 /* View Controllers */,
				4D41F8E21D68A1810014E865 /* PresentationGLView.h */,
				4D41F8E31D68A1810014E865 /* PresentationGLView.m */,
				4DEF0BAC1D69FF190097221E /* OpenGLHelper.h */,
				4D88E5571D68FEE000D67AEF /* GLDirector.h */,
				4D88E5581D68FEE000D67AEF /* GLDirector.m */,
				4DD4B9C31D6E4FBD005EF2C6 /* Assimp */,
				4D4597C51D6A5FA30018ED50 /* Emma */,
				4DE0C1101D6A439C0002D0F7 /* Textures */,
				4DD4B9C01D6E4EB7005EF2C6 /* Junk Drawer */,
				4D88E54A1D68FC1400D67AEF /* Shaders */,
				4D0D42971D6878E200379A5F /* Assets.xcassets */,
				4D0D42991D6878E200379A5F /* Main.storyboard */,
				4D0D429C1D6878E200379A5F /* Info.plist */,
				4D8D79731D6A54FB00263EC5 /* Frameworks */,
				4D0D42911D6878E200379A5F /* Supporting Files */,
			);
			path = OpenGLPresentation;
			sourceTree = "<group>";
		};
		4D0D42911D6878E200379A5F /* Supporting Files */ = {
			isa = PBXGroup;
			children = (
				4D0D42921D6878E200379A5F /* main.m */,
			);
			name = "Supporting Files";
			sourceTree = "<group>";
		};
		4D4597BE1D6A5F9B0018ED50 /* images */ = {
			isa = PBXGroup;
			children = (
				4D4597BF1D6A5F9B0018ED50 /* bt0023_00_body.png */,
				4D4597C01D6A5F9B0018ED50 /* bt0023_00_hair.png */,
				4D4597C11D6A5F9B0018ED50 /* bt0023_00_head.png */,
			);
			path = images;
			sourceTree = "<group>";
		};
		4D4597C51D6A5FA30018ED50 /* Emma */ = {
			isa = PBXGroup;
			children = (
				4D4597BC1D6A5F710018ED50 /* TeamFlareAdmin.DAE */,
				4D4597BE1D6A5F9B0018ED50 /* images */,
			);
			name = Emma;
			sourceTree = "<group>";
		};
		4D88E54A1D68FC1400D67AEF /* Shaders */ = {
			isa = PBXGroup;
			children = (
				4D88E5431D68FAEE00D67AEF /* GLBaseEffect.h */,
				4D88E5441D68FAEE00D67AEF /* GLBaseEffect.m */,
				4DD4B9C71D6E5319005EF2C6 /* GLBaseEffect+Protected.h */,
				4DD4B9C41D6E5089005EF2C6 /* GLAssimpEffect.h */,
				4DD4B9C51D6E5089005EF2C6 /* GLAssimpEffect.m */,
				4D88E5421D68F8DE00D67AEF /* GLVertex.h */,
				4D88E5461D68FBED00D67AEF /* GLSimpleFragment.glsl */,
				4D88E5471D68FBED00D67AEF /* GLSimpleVertex.glsl */,
			);
			name = Shaders;
			sourceTree = "<group>";
		};
		4D88E54B1D68FCE900D67AEF /* mushroom */ = {
			isa = PBXGroup;
			children = (
				4D88E54C1D68FCE900D67AEF /* mushroom.h */,
				4D88E54D1D68FCE900D67AEF /* mushroom.m */,
			);
			path = mushroom;
			sourceTree = "<group>";
		};
		4D8D79731D6A54FB00263EC5 /* Frameworks */ = {
			isa = PBXGroup;
			children = (
				4D4597BA1D6A5EC60018ED50 /* libassimpd.3.1.1.dylib */,
				4D41F8EE1D68A4E70014E865 /* OpenGL.framework */,
			);
			name = Frameworks;
			sourceTree = "<group>";
		};
		4DD4B9C01D6E4EB7005EF2C6 /* Junk Drawer */ = {
			isa = PBXGroup;
			children = (
				4DE0C1021D6A20A30002D0F7 /* GLTerrainNode.h */,
				4DE0C1031D6A20A30002D0F7 /* GLTerrainNode.m */,
				4DEF0BA81D69E57F0097221E /* GLTessEval.glsl */,
				4DEF0BAA1D69E58F0097221E /* GLTessControl.glsl */,
				4DD4B9BC1D6E4D66005EF2C6 /* basic_lighting.fs */,
				4DD4B9BD1D6E4D66005EF2C6 /* basic_lighting.vs */,
			);
			name = "Junk Drawer";
			sourceTree = "<group>";
		};
		4DD4B9C11D6E4EE7005EF2C6 /* View Controllers */ = {
			isa = PBXGroup;
			children = (
				4D41F8EB1D68A2000014E865 /* PresentationSplitViewController.h */,
				4D41F8EC1D68A2000014E865 /* PresentationSplitViewController.m */,
				4D41F8E51D68A19A0014E865 /* PresentationViewController.h */,
				4D41F8E61D68A19A0014E865 /* PresentationViewController.m */,
				4D41F8E81D68A1B50014E865 /* GLViewController.h */,
				4D41F8E91D68A1B50014E865 /* GLViewController.m */,
			);
			name = "View Controllers";
			sourceTree = "<group>";
		};
		4DD4B9C21D6E4EFB005EF2C6 /* Nodes */ = {
			isa = PBXGroup;
			children = (
				4D41F8F31D68D6BB0014E865 /* GLNode.h */,
				4D41F8F41D68D6BB0014E865 /* GLNode.m */,
				4DE0C1051D6A34DC0002D0F7 /* GLPlane.h */,
				4DE0C1061D6A34DC0002D0F7 /* GLPlane.m */,
				4D88E5541D68FE2900D67AEF /* GLScene.h */,
				4D88E5551D68FE2900D67AEF /* GLScene.m */,
				4D88E5511D68FCF500D67AEF /* GLMushroom.h */,
				4D88E5521D68FCF500D67AEF /* GLMushroom.m */,
				4D88E54B1D68FCE900D67AEF /* mushroom */,
			);
			name = Nodes;
			sourceTree = "<group>";
		};
		4DD4B9C31D6E4FBD005EF2C6 /* Assimp */ = {
			isa = PBXGroup;
			children = (
				4D4597B71D6A5D100018ED50 /* AssimpMesh.hpp */,
				4D4597B81D6A5D100018ED50 /* AssimpMesh.mm */,
				4D212A141D6CFD8100DEE48F /* AssimpMeshEntry.hpp */,
			);
			name = Assimp;
			sourceTree = "<group>";
		};
		4DE0C1101D6A439C0002D0F7 /* Textures */ = {
			isa = PBXGroup;
			children = (
				4DD4B9BA1D6E481A005EF2C6 /* white.png */,
				4DE0C1001D6A16A90002D0F7 /* skybox1.png */,
				4DE0C10E1D6A43080002D0F7 /* grasslight.png */,
				4D88E54E1D68FCE900D67AEF /* mushroom.png */,
			);
			name = Textures;
			sourceTree = "<group>";
		};
/* End PBXGroup section */

/* Begin PBXNativeTarget section */
		4D0D428A1D6878E200379A5F /* OpenGLPresentation */ = {
			isa = PBXNativeTarget;
			buildConfigurationList = 4D0D429F1D6878E200379A5F /* Build configuration list for PBXNativeTarget "OpenGLPresentation" */;
			buildPhases = (
				4D0D42871D6878E200379A5F /* Sources */,
				4D0D42881D6878E200379A5F /* Frameworks */,
				4D0D42891D6878E200379A5F /* Resources */,
			);
			buildRules = (
			);
			dependencies = (
			);
			name = OpenGLPresentation;
			productName = OpenGLPresentation;
			productReference = 4D0D428B1D6878E200379A5F /* OpenGLPresentation.app */;
			productType = "com.apple.product-type.application";
		};
/* End PBXNativeTarget section */

/* Begin PBXProject section */
		4D0D42831D6878E200379A5F /* Project object */ = {
			isa = PBXProject;
			attributes = {
				LastUpgradeCheck = 0730;
				ORGANIZATIONNAME = "Emma Steimann";
				TargetAttributes = {
					4D0D428A1D6878E200379A5F = {
						CreatedOnToolsVersion = 7.3.1;
					};
				};
			};
			buildConfigurationList = 4D0D42861D6878E200379A5F /* Build configuration list for PBXProject "OpenGLPresentation" */;
			compatibilityVersion = "Xcode 3.2";
			developmentRegion = English;
			hasScannedForEncodings = 0;
			knownRegions = (
				en,
				Base,
			);
			mainGroup = 4D0D42821D6878E200379A5F;
			productRefGroup = 4D0D428C1D6878E200379A5F /* Products */;
			projectDirPath = "";
			projectRoot = "";
			targets = (
				4D0D428A1D6878E200379A5F /* OpenGLPresentation */,
			);
		};
/* End PBXProject section */

/* Begin PBXResourcesBuildPhase section */
		4D0D42891D6878E200379A5F /* Resources */ = {
			isa = PBXResourcesBuildPhase;
			buildActionMask = 2147483647;
			files = (
				4D4597C61D6A63480018ED50 /* TeamFlareAdmin.DAE in Resources */,
				4D88E5481D68FBED00D67AEF /* GLSimpleFragment.glsl in Resources */,
				4D88E5501D68FCE900D67AEF /* mushroom.png in Resources */,
				4D4597C41D6A5F9B0018ED50 /* bt0023_00_head.png in Resources */,
				4D4597C21D6A5F9B0018ED50 /* bt0023_00_body.png in Resources */,
				4DD4B9BB1D6E481A005EF2C6 /* white.png in Resources */,
				4DEF0BAB1D69E58F0097221E /* GLTessControl.glsl in Resources */,
				4DE0C1011D6A16A90002D0F7 /* skybox1.png in Resources */,
				4D88E5491D68FBED00D67AEF /* GLSimpleVertex.glsl in Resources */,
				4D0D42981D6878E200379A5F /* Assets.xcassets in Resources */,
				4D0D429B1D6878E200379A5F /* Main.storyboard in Resources */,
				4DD4B9BE1D6E4D66005EF2C6 /* basic_lighting.fs in Resources */,
				4DEF0BA91D69E57F0097221E /* GLTessEval.glsl in Resources */,
				4D4597C31D6A5F9B0018ED50 /* bt0023_00_hair.png in Resources */,
				4DE0C10F1D6A43080002D0F7 /* grasslight.png in Resources */,
				4DD4B9BF1D6E4D66005EF2C6 /* basic_lighting.vs in Resources */,
			);
			runOnlyForDeploymentPostprocessing = 0;
		};
/* End PBXResourcesBuildPhase section */

/* Begin PBXSourcesBuildPhase section */
		4D0D42871D6878E200379A5F /* Sources */ = {
			isa = PBXSourcesBuildPhase;
			buildActionMask = 2147483647;
			files = (
				4D41F8EA1D68A1B50014E865 /* GLViewController.m in Sources */,
				4D41F8ED1D68A2000014E865 /* PresentationSplitViewController.m in Sources */,
				4D88E5591D68FEE000D67AEF /* GLDirector.m in Sources */,
				4D41F8F51D68D6BB0014E865 /* GLNode.m in Sources */,
				4D41F8E41D68A1810014E865 /* PresentationGLView.m in Sources */,
				4DE0C1041D6A20A30002D0F7 /* GLTerrainNode.m in Sources */,
				4D88E5451D68FAEE00D67AEF /* GLBaseEffect.m in Sources */,
				4D88E5561D68FE2900D67AEF /* GLScene.m in Sources */,
				4DD4B9C61D6E5089005EF2C6 /* GLAssimpEffect.m in Sources */,
				4D0D42931D6878E200379A5F /* main.m in Sources */,
				4DE0C1071D6A34DC0002D0F7 /* GLPlane.m in Sources */,
				4D88E54F1D68FCE900D67AEF /* mushroom.m in Sources */,
				4D4597B91D6A5D100018ED50 /* AssimpMesh.mm in Sources */,
				4D41F8E71D68A19A0014E865 /* PresentationViewController.m in Sources */,
				4D0D42901D6878E200379A5F /* AppDelegate.m in Sources */,
				4D88E5531D68FCF500D67AEF /* GLMushroom.m in Sources */,
			);
			runOnlyForDeploymentPostprocessing = 0;
		};
/* End PBXSourcesBuildPhase section */

/* Begin PBXVariantGroup section */
		4D0D42991D6878E200379A5F /* Main.storyboard */ = {
			isa = PBXVariantGroup;
			children = (
				4D0D429A1D6878E200379A5F /* Base */,
			);
			name = Main.storyboard;
			sourceTree = "<group>";
		};
/* End PBXVariantGroup section */

/* Begin XCBuildConfiguration section */
		4D0D429D1D6878E200379A5F /* Debug */ = {
			isa = XCBuildConfiguration;
			buildSettings = {
				ALWAYS_SEARCH_USER_PATHS = NO;
				CLANG_ANALYZER_NONNULL = YES;
				CLANG_CXX_LANGUAGE_STANDARD = "gnu++0x";
				CLANG_CXX_LIBRARY = "libc++";
				CLANG_ENABLE_MODULES = YES;
				CLANG_ENABLE_OBJC_ARC = YES;
				CLANG_WARN_BOOL_CONVERSION = YES;
				CLANG_WARN_CONSTANT_CONVERSION = YES;
				CLANG_WARN_DIRECT_OBJC_ISA_USAGE = YES_ERROR;
				CLANG_WARN_EMPTY_BODY = YES;
				CLANG_WARN_ENUM_CONVERSION = YES;
				CLANG_WARN_INT_CONVERSION = YES;
				CLANG_WARN_OBJC_ROOT_CLASS = YES_ERROR;
				CLANG_WARN_UNREACHABLE_CODE = YES;
				CLANG_WARN__DUPLICATE_METHOD_MATCH = YES;
				CODE_SIGN_IDENTITY = "-";
				COPY_PHASE_STRIP = NO;
				DEBUG_INFORMATION_FORMAT = dwarf;
				ENABLE_STRICT_OBJC_MSGSEND = YES;
				ENABLE_TESTABILITY = YES;
				GCC_C_LANGUAGE_STANDARD = gnu99;
				GCC_DYNAMIC_NO_PIC = NO;
				GCC_NO_COMMON_BLOCKS = YES;
				GCC_OPTIMIZATION_LEVEL = 0;
				GCC_PREPROCESSOR_DEFINITIONS = (
					"DEBUG=1",
					"$(inherited)",
				);
				GCC_WARN_64_TO_32_BIT_CONVERSION = YES;
				GCC_WARN_ABOUT_RETURN_TYPE = YES_ERROR;
				GCC_WARN_UNDECLARED_SELECTOR = YES;
				GCC_WARN_UNINITIALIZED_AUTOS = YES_AGGRESSIVE;
				GCC_WARN_UNUSED_FUNCTION = YES;
				GCC_WARN_UNUSED_VARIABLE = YES;
				MACOSX_DEPLOYMENT_TARGET = 10.11;
				MTL_ENABLE_DEBUG_INFO = YES;
				ONLY_ACTIVE_ARCH = YES;
				SDKROOT = macosx;
			};
			name = Debug;
		};
		4D0D429E1D6878E200379A5F /* Release */ = {
			isa = XCBuildConfiguration;
			buildSettings = {
				ALWAYS_SEARCH_USER_PATHS = NO;
				CLANG_ANALYZER_NONNULL = YES;
				CLANG_CXX_LANGUAGE_STANDARD = "gnu++0x";
				CLANG_CXX_LIBRARY = "libc++";
				CLANG_ENABLE_MODULES = YES;
				CLANG_ENABLE_OBJC_ARC = YES;
				CLANG_WARN_BOOL_CONVERSION = YES;
				CLANG_WARN_CONSTANT_CONVERSION = YES;
				CLANG_WARN_DIRECT_OBJC_ISA_USAGE = YES_ERROR;
				CLANG_WARN_EMPTY_BODY = YES;
				CLANG_WARN_ENUM_CONVERSION = YES;
				CLANG_WARN_INT_CONVERSION = YES;
				CLANG_WARN_OBJC_ROOT_CLASS = YES_ERROR;
				CLANG_WARN_UNREACHABLE_CODE = YES;
				CLANG_WARN__DUPLICATE_METHOD_MATCH = YES;
				CODE_SIGN_IDENTITY = "-";
				COPY_PHASE_STRIP = NO;
				DEBUG_INFORMATION_FORMAT = "dwarf-with-dsym";
				ENABLE_NS_ASSERTIONS = NO;
				ENABLE_STRICT_OBJC_MSGSEND = YES;
				GCC_C_LANGUAGE_STANDARD = gnu99;
				GCC_NO_COMMON_BLOCKS = YES;
				GCC_WARN_64_TO_32_BIT_CONVERSION = YES;
				GCC_WARN_ABOUT_RETURN_TYPE = YES_ERROR;
				GCC_WARN_UNDECLARED_SELECTOR = YES;
				GCC_WARN_UNINITIALIZED_AUTOS = YES_AGGRESSIVE;
				GCC_WARN_UNUSED_FUNCTION = YES;
				GCC_WARN_UNUSED_VARIABLE = YES;
				MACOSX_DEPLOYMENT_TARGET = 10.11;
				MTL_ENABLE_DEBUG_INFO = NO;
				SDKROOT = macosx;
			};
			name = Release;
		};
		4D0D42A01D6878E200379A5F /* Debug */ = {
			isa = XCBuildConfiguration;
			buildSettings = {
				ASSETCATALOG_COMPILER_APPICON_NAME = AppIcon;
				COMBINE_HIDPI_IMAGES = YES;
				HEADER_SEARCH_PATHS = "$(PROJECT_DIR)/OpenGLPresentation/include";
				INFOPLIST_FILE = OpenGLPresentation/Info.plist;
				LD_RUNPATH_SEARCH_PATHS = "$(inherited) @executable_path/../Frameworks";
				LIBRARY_SEARCH_PATHS = (
					"$(inherited)",
					"$(PROJECT_DIR)/OpenGLPresentation",
				);
				PRODUCT_BUNDLE_IDENTIFIER = come.emmasteimann.OpenGLPresentation;
				PRODUCT_NAME = "$(TARGET_NAME)";
			};
			name = Debug;
		};
		4D0D42A11D6878E200379A5F /* Release */ = {
			isa = XCBuildConfiguration;
			buildSettings = {
				ASSETCATALOG_COMPILER_APPICON_NAME = AppIcon;
				COMBINE_HIDPI_IMAGES = YES;
				HEADER_SEARCH_PATHS = "$(PROJECT_DIR)/OpenGLPresentation/include";
				INFOPLIST_FILE = OpenGLPresentation/Info.plist;
				LD_RUNPATH_SEARCH_PATHS = "$(inherited) @executable_path/../Frameworks";
				LIBRARY_SEARCH_PATHS = (
					"$(inherited)",
					"$(PROJECT_DIR)/OpenGLPresentation",
				);
				PRODUCT_BUNDLE_IDENTIFIER = come.emmasteimann.OpenGLPresentation;
				PRODUCT_NAME = "$(TARGET_NAME)";
			};
			name = Release;
		};
/* End XCBuildConfiguration section */

/* Begin XCConfigurationList section */
		4D0D42861D6878E200379A5F /* Build configuration list for PBXProject "OpenGLPresentation" */ = {
			isa = XCConfigurationList;
			buildConfigurations = (
				4D0D429D1D6878E200379A5F /* Debug */,
				4D0D429E1D6878E200379A5F /* Release */,
			);
			defaultConfigurationIsVisible = 0;
			defaultConfigurationName = Release;
		};
		4D0D429F1D6878E200379A5F /* Build configuration list for PBXNativeTarget "OpenGLPresentation" */ = {
			isa = XCConfigurationList;
			buildConfigurations = (
				4D0D42A01D6878E200379A5F /* Debug */,
				4D0D42A11D6878E200379A5F /* Release */,
			);
			defaultConfigurationIsVisible = 0;
			defaultConfigurationName = Release;
		};
/* End XCConfigurationList section */
	};
	rootObject = 4D0D42831D6878E200379A5F /* Project object */;
}
